
Microsoft Visual Studio Solution File, Format Version 12.00
Project("{FAE04EC0-301F-11D3-BF4B-00C04F79EFBC}") = "qrbertApp", "qrbertApp\qrbertApp.csproj", "{153F9A07-FE77-420F-995E-0F6763B64083}"
EndProject
Global
	GlobalSection(SolutionConfigurationPlatforms) = preSolution
		Debug|Any CPU = Debug|Any CPU
		Release|Any CPU = Release|Any CPU
	EndGlobalSection
	GlobalSection(ProjectConfigurationPlatforms) = postSolution
		{153F9A07-FE77-420F-995E-0F6763B64083}.Debug|Any CPU.ActiveCfg = Debug|Any CPU
		{153F9A07-FE77-420F-995E-0F6763B64083}.Debug|Any CPU.Build.0 = Debug|Any CPU
		{153F9A07-FE77-420F-995E-0F6763B64083}.Release|Any CPU.ActiveCfg = Release|Any CPU
		{153F9A07-FE77-420F-995E-0F6763B64083}.Release|Any CPU.Build.0 = Release|Any CPU
	EndGlobalSection
EndGlobal
