
Microsoft Visual Studio Solution File, Format Version 12.00
Project("{FAE04EC0-301F-11D3-BF4B-00C04F79EFBC}") = "QRbert", "QRbert\QRbert.csproj", "{D891BE4E-E7FE-4F33-BDDE-AFD943B97933}"
EndProject
Global
	GlobalSection(SolutionConfigurationPlatforms) = preSolution
		Debug|Any CPU = Debug|Any CPU
		Release|Any CPU = Release|Any CPU
	EndGlobalSection
	GlobalSection(ProjectConfigurationPlatforms) = postSolution
		{D891BE4E-E7FE-4F33-BDDE-AFD943B97933}.Debug|Any CPU.ActiveCfg = Debug|Any CPU
		{D891BE4E-E7FE-4F33-BDDE-AFD943B97933}.Debug|Any CPU.Build.0 = Debug|Any CPU
		{D891BE4E-E7FE-4F33-BDDE-AFD943B97933}.Release|Any CPU.ActiveCfg = Release|Any CPU
		{D891BE4E-E7FE-4F33-BDDE-AFD943B97933}.Release|Any CPU.Build.0 = Release|Any CPU
	EndGlobalSection
EndGlobal
